dependencies:
  espressif/esp-dsp:
    component_hash: f5fe1466237d0352c98321efe7fa284c8ec0e11f764fd98e319b563d29d0cd17
    dependencies:
    - name: idf
      registry_url: https://components.espressif.com
      require: private
      version: '>=4.2'
    source:
      registry_url: https://components.espressif.com/
      type: service
    version: 1.4.0
  espressif/esp_tinyusb:
    component_hash: 4878831be091116ec8d0e5eaedcae54a5e9866ebf15a44ef101886fd42c0b91f
    dependencies:
    - name: idf
      require: private
      version: '>=5.0'
    - name: espressif/tinyusb
      registry_url: https://components.espressif.com
      require: public
      version: '>=0.14.2'
    source:
      registry_url: https://components.espressif.com/
      type: service
    version: 1.5.0
  espressif/led_strip:
    component_hash: 28c6509a727ef74925b372ed404772aeedf11cce10b78c3f69b3c66799095e2d
    dependencies:
    - name: idf
      registry_url: https://components.espressif.com
      require: private
      version: '>=4.4'
    source:
      registry_url: https://components.espressif.com/
      type: service
    version: 2.5.5
  espressif/mdns:
    component_hash: f5267872ed0c810d1b281c41a567cace7b3a3695c0df9dff89f631e9ba426ed0
    dependencies:
    - name: idf
      require: private
      version: '>=5.0'
    source:
      registry_url: https://components.espressif.com/
      type: service
    version: 1.4.2
  espressif/tinyusb:
    component_hash: 7f73a4159dc95325ceaa4ade5e88734c4e1f5124746a3765cf61dc6157d78798
    dependencies:
    - name: idf
      require: private
      version: '>=5.0'
    source:
      registry_url: https://components.espressif.com
      type: service
    targets:
    - esp32s2
    - esp32s3
    - esp32p4
    version: 0.17.0~2
  idf:
    source:
      type: idf
    version: 5.4.0
  joltwallet/littlefs:
    component_hash: 362f1f5beb5087b0c60169aff82676d2d0ffc991ead975212b0cba95959181c5
    dependencies:
    - name: idf
      registry_url: https://components.espressif.com
      require: private
      version: '>=4.3'
    source:
      registry_url: https://components.espressif.com/
      type: service
    version: 1.14.8
direct_dependencies:
- espressif/esp-dsp
- espressif/esp_tinyusb
- espressif/led_strip
- espressif/mdns
- idf
- joltwallet/littlefs
manifest_hash: 966cff0000a77c6a998f66e21811cdecf47aa8a98e0d34d488524b8364691f99
target: esp32p4
version: 2.0.0
